
Microsoft Visual Studio Solution File, Format Version 12.00
# Visual Studio 15
VisualStudioVersion = 15.0.26228.4
MinimumVisualStudioVersion = 10.0.40219.1
Project("{2150E333-8FDC-42A3-9474-1A3956D46DE8}") = "Project Items", "Project Items", "{3AC8E9D1-B9BB-4BEE-B7D8-3E09B3AF7517}"
	ProjectSection(SolutionItems) = preProject
		Directory.Build.props = Directory.Build.props
		build\ProxyFoo.nuspec = build\ProxyFoo.nuspec
		README.md = README.md
		releaseNotes.txt = releaseNotes.txt
	EndProjectSection
EndProject
Project("{FAE04EC0-301F-11D3-BF4B-00C04F79EFBC}") = "SampleCode", "source\SampleCode\SampleCode.csproj", "{8620C051-4FD7-46BC-8971-69143E2657F1}"
EndProject
Project("{FAE04EC0-301F-11D3-BF4B-00C04F79EFBC}") = "ProxyFooBenchmarks", "source\ProxyFooBenchmarks\ProxyFooBenchmarks.csproj", "{DD332840-7BEB-419C-96F0-7F4AF81DF146}"
EndProject
Project("{9A19103F-16F7-4668-BE54-9A1E7A4F7556}") = "ProxyFooConsole", "source\ProxyFooConsole\ProxyFooConsole.csproj", "{2B51D685-4125-41B9-9C71-915065440FD6}"
EndProject
Project("{9A19103F-16F7-4668-BE54-9A1E7A4F7556}") = "ProxyFoo", "source\ProxyFoo\ProxyFoo.csproj", "{198E2FDD-535F-4D56-8454-DF4AF99DEFED}"
EndProject
Project("{9A19103F-16F7-4668-BE54-9A1E7A4F7556}") = "ProxyFoo.Tests", "source\ProxyFoo.Tests\ProxyFoo.Tests.csproj", "{80695B0A-B591-4007-AF42-20711C89ED72}"
EndProject
Global
	GlobalSection(SolutionConfigurationPlatforms) = preSolution
		Debug|Any CPU = Debug|Any CPU
		Debug|Mixed Platforms = Debug|Mixed Platforms
		Debug|x64 = Debug|x64
		Debug|x86 = Debug|x86
		Release|Any CPU = Release|Any CPU
		Release|Mixed Platforms = Release|Mixed Platforms
		Release|x64 = Release|x64
		Release|x86 = Release|x86
	EndGlobalSection
	GlobalSection(ProjectConfigurationPlatforms) = postSolution
		{8620C051-4FD7-46BC-8971-69143E2657F1}.Debug|Any CPU.ActiveCfg = Debug|Any CPU
		{8620C051-4FD7-46BC-8971-69143E2657F1}.Debug|Any CPU.Build.0 = Debug|Any CPU
		{8620C051-4FD7-46BC-8971-69143E2657F1}.Debug|Mixed Platforms.ActiveCfg = Debug|Any CPU
		{8620C051-4FD7-46BC-8971-69143E2657F1}.Debug|Mixed Platforms.Build.0 = Debug|Any CPU
		{8620C051-4FD7-46BC-8971-69143E2657F1}.Debug|x64.ActiveCfg = Debug|Any CPU
		{8620C051-4FD7-46BC-8971-69143E2657F1}.Debug|x86.ActiveCfg = Debug|Any CPU
		{8620C051-4FD7-46BC-8971-69143E2657F1}.Release|Any CPU.ActiveCfg = Release|Any CPU
		{8620C051-4FD7-46BC-8971-69143E2657F1}.Release|Any CPU.Build.0 = Release|Any CPU
		{8620C051-4FD7-46BC-8971-69143E2657F1}.Release|Mixed Platforms.ActiveCfg = Release|Any CPU
		{8620C051-4FD7-46BC-8971-69143E2657F1}.Release|Mixed Platforms.Build.0 = Release|Any CPU
		{8620C051-4FD7-46BC-8971-69143E2657F1}.Release|x64.ActiveCfg = Release|Any CPU
		{8620C051-4FD7-46BC-8971-69143E2657F1}.Release|x86.ActiveCfg = Release|Any CPU
		{DD332840-7BEB-419C-96F0-7F4AF81DF146}.Debug|Any CPU.ActiveCfg = Debug|x86
		{DD332840-7BEB-419C-96F0-7F4AF81DF146}.Debug|Mixed Platforms.ActiveCfg = Debug|x86
		{DD332840-7BEB-419C-96F0-7F4AF81DF146}.Debug|Mixed Platforms.Build.0 = Debug|x86
		{DD332840-7BEB-419C-96F0-7F4AF81DF146}.Debug|x64.ActiveCfg = Debug|x64
		{DD332840-7BEB-419C-96F0-7F4AF81DF146}.Debug|x64.Build.0 = Debug|x64
		{DD332840-7BEB-419C-96F0-7F4AF81DF146}.Debug|x86.ActiveCfg = Debug|x86
		{DD332840-7BEB-419C-96F0-7F4AF81DF146}.Debug|x86.Build.0 = Debug|x86
		{DD332840-7BEB-419C-96F0-7F4AF81DF146}.Release|Any CPU.ActiveCfg = Release|x86
		{DD332840-7BEB-419C-96F0-7F4AF81DF146}.Release|Mixed Platforms.ActiveCfg = Release|x86
		{DD332840-7BEB-419C-96F0-7F4AF81DF146}.Release|Mixed Platforms.Build.0 = Release|x86
		{DD332840-7BEB-419C-96F0-7F4AF81DF146}.Release|x64.ActiveCfg = Release|x64
		{DD332840-7BEB-419C-96F0-7F4AF81DF146}.Release|x64.Build.0 = Release|x64
		{DD332840-7BEB-419C-96F0-7F4AF81DF146}.Release|x86.ActiveCfg = Release|x86
		{DD332840-7BEB-419C-96F0-7F4AF81DF146}.Release|x86.Build.0 = Release|x86
		{2B51D685-4125-41B9-9C71-915065440FD6}.Debug|Any CPU.ActiveCfg = Debug|Any CPU
		{2B51D685-4125-41B9-9C71-915065440FD6}.Debug|Any CPU.Build.0 = Debug|Any CPU
		{2B51D685-4125-41B9-9C71-915065440FD6}.Debug|Mixed Platforms.ActiveCfg = Debug|Any CPU
		{2B51D685-4125-41B9-9C71-915065440FD6}.Debug|Mixed Platforms.Build.0 = Debug|Any CPU
		{2B51D685-4125-41B9-9C71-915065440FD6}.Debug|x64.ActiveCfg = Debug|Any CPU
		{2B51D685-4125-41B9-9C71-915065440FD6}.Debug|x64.Build.0 = Debug|Any CPU
		{2B51D685-4125-41B9-9C71-915065440FD6}.Debug|x86.ActiveCfg = Debug|Any CPU
		{2B51D685-4125-41B9-9C71-915065440FD6}.Debug|x86.Build.0 = Debug|Any CPU
		{2B51D685-4125-41B9-9C71-915065440FD6}.Release|Any CPU.ActiveCfg = Release|Any CPU
		{2B51D685-4125-41B9-9C71-915065440FD6}.Release|Any CPU.Build.0 = Release|Any CPU
		{2B51D685-4125-41B9-9C71-915065440FD6}.Release|Mixed Platforms.ActiveCfg = Release|Any CPU
		{2B51D685-4125-41B9-9C71-915065440FD6}.Release|Mixed Platforms.Build.0 = Release|Any CPU
		{2B51D685-4125-41B9-9C71-915065440FD6}.Release|x64.ActiveCfg = Release|Any CPU
		{2B51D685-4125-41B9-9C71-915065440FD6}.Release|x64.Build.0 = Release|Any CPU
		{2B51D685-4125-41B9-9C71-915065440FD6}.Release|x86.ActiveCfg = Release|Any CPU
		{2B51D685-4125-41B9-9C71-915065440FD6}.Release|x86.Build.0 = Release|Any CPU
		{198E2FDD-535F-4D56-8454-DF4AF99DEFED}.Debug|Any CPU.ActiveCfg = Debug|Any CPU
		{198E2FDD-535F-4D56-8454-DF4AF99DEFED}.Debug|Any CPU.Build.0 = Debug|Any CPU
		{198E2FDD-535F-4D56-8454-DF4AF99DEFED}.Debug|Mixed Platforms.ActiveCfg = Debug|Any CPU
		{198E2FDD-535F-4D56-8454-DF4AF99DEFED}.Debug|Mixed Platforms.Build.0 = Debug|Any CPU
		{198E2FDD-535F-4D56-8454-DF4AF99DEFED}.Debug|x64.ActiveCfg = Debug|Any CPU
		{198E2FDD-535F-4D56-8454-DF4AF99DEFED}.Debug|x64.Build.0 = Debug|Any CPU
		{198E2FDD-535F-4D56-8454-DF4AF99DEFED}.Debug|x86.ActiveCfg = Debug|Any CPU
		{198E2FDD-535F-4D56-8454-DF4AF99DEFED}.Debug|x86.Build.0 = Debug|Any CPU
		{198E2FDD-535F-4D56-8454-DF4AF99DEFED}.Release|Any CPU.ActiveCfg = Release|Any CPU
		{198E2FDD-535F-4D56-8454-DF4AF99DEFED}.Release|Any CPU.Build.0 = Release|Any CPU
		{198E2FDD-535F-4D56-8454-DF4AF99DEFED}.Release|Mixed Platforms.ActiveCfg = Release|Any CPU
		{198E2FDD-535F-4D56-8454-DF4AF99DEFED}.Release|Mixed Platforms.Build.0 = Release|Any CPU
		{198E2FDD-535F-4D56-8454-DF4AF99DEFED}.Release|x64.ActiveCfg = Release|Any CPU
		{198E2FDD-535F-4D56-8454-DF4AF99DEFED}.Release|x64.Build.0 = Release|Any CPU
		{198E2FDD-535F-4D56-8454-DF4AF99DEFED}.Release|x86.ActiveCfg = Release|Any CPU
		{198E2FDD-535F-4D56-8454-DF4AF99DEFED}.Release|x86.Build.0 = Release|Any CPU
		{80695B0A-B591-4007-AF42-20711C89ED72}.Debug|Any CPU.ActiveCfg = Debug|Any CPU
		{80695B0A-B591-4007-AF42-20711C89ED72}.Debug|Any CPU.Build.0 = Debug|Any CPU
		{80695B0A-B591-4007-AF42-20711C89ED72}.Debug|Mixed Platforms.ActiveCfg = Debug|Any CPU
		{80695B0A-B591-4007-AF42-20711C89ED72}.Debug|Mixed Platforms.Build.0 = Debug|Any CPU
		{80695B0A-B591-4007-AF42-20711C89ED72}.Debug|x64.ActiveCfg = Debug|Any CPU
		{80695B0A-B591-4007-AF42-20711C89ED72}.Debug|x64.Build.0 = Debug|Any CPU
		{80695B0A-B591-4007-AF42-20711C89ED72}.Debug|x86.ActiveCfg = Debug|Any CPU
		{80695B0A-B591-4007-AF42-20711C89ED72}.Debug|x86.Build.0 = Debug|Any CPU
		{80695B0A-B591-4007-AF42-20711C89ED72}.Release|Any CPU.ActiveCfg = Release|Any CPU
		{80695B0A-B591-4007-AF42-20711C89ED72}.Release|Any CPU.Build.0 = Release|Any CPU
		{80695B0A-B591-4007-AF42-20711C89ED72}.Release|Mixed Platforms.ActiveCfg = Release|Any CPU
		{80695B0A-B591-4007-AF42-20711C89ED72}.Release|Mixed Platforms.Build.0 = Release|Any CPU
		{80695B0A-B591-4007-AF42-20711C89ED72}.Release|x64.ActiveCfg = Release|Any CPU
		{80695B0A-B591-4007-AF42-20711C89ED72}.Release|x64.Build.0 = Release|Any CPU
		{80695B0A-B591-4007-AF42-20711C89ED72}.Release|x86.ActiveCfg = Release|Any CPU
		{80695B0A-B591-4007-AF42-20711C89ED72}.Release|x86.Build.0 = Release|Any CPU
	EndGlobalSection
	GlobalSection(SolutionProperties) = preSolution
		HideSolutionNode = FALSE
	EndGlobalSection
EndGlobal
